
Microsoft Visual Studio Solution File, Format Version 12.00
# Visual Studio Version 16
VisualStudioVersion = 16.0.31911.196
MinimumVisualStudioVersion = 10.0.40219.1
Project("{8BC9CEB8-8B4A-11D0-8D11-00A0C91BC942}") = "GraphicsRender", "GraphicsRender\GraphicsRender.vcxproj", "{7EE90730-DCF0-4C3A-BE27-C604E9539163}"
EndProject
Global
	GlobalSection(SolutionConfigurationPlatforms) = preSolution
		Debug|x64 = Debug|x64
		Debug|x86 = Debug|x86
		Release|x64 = Release|x64
		Release|x86 = Release|x86
	EndGlobalSection
	GlobalSection(ProjectConfigurationPlatforms) = postSolution
		{7EE90730-DCF0-4C3A-BE27-C604E9539163}.Debug|x64.ActiveCfg = Debug|x64
		{7EE90730-DCF0-4C3A-BE27-C604E9539163}.Debug|x64.Build.0 = Debug|x64
		{7EE90730-DCF0-4C3A-BE27-C604E9539163}.Debug|x86.ActiveCfg = Debug|Win32
		{7EE90730-DCF0-4C3A-BE27-C604E9539163}.Debug|x86.Build.0 = Debug|Win32
		{7EE90730-DCF0-4C3A-BE27-C604E9539163}.Release|x64.ActiveCfg = Release|x64
		{7EE90730-DCF0-4C3A-BE27-C604E9539163}.Release|x64.Build.0 = Release|x64
		{7EE90730-DCF0-4C3A-BE27-C604E9539163}.Release|x86.ActiveCfg = Release|Win32
		{7EE90730-DCF0-4C3A-BE27-C604E9539163}.Release|x86.Build.0 = Release|Win32
	EndGlobalSection
	GlobalSection(SolutionProperties) = preSolution
		HideSolutionNode = FALSE
	EndGlobalSection
	GlobalSection(ExtensibilityGlobals) = postSolution
		SolutionGuid = {657AEB06-007B-47B4-919C-1BC1BDAC6C91}
	EndGlobalSection
EndGlobal
