<?xml version="1.0" encoding="utf-8"?>
<Project ToolsVersion="4.0" xmlns="http://schemas.microsoft.com/developer/msbuild/2003">
  <ItemGroup>
    <Filter Include="源文件">
      <UniqueIdentifier>{4FC737F1-C7A5-4376-A066-2A32D752A2FF}</UniqueIdentifier>
      <Extensions>cpp;c;cc;cxx;c++;cppm;ixx;def;odl;idl;hpj;bat;asm;asmx</Extensions>
    </Filter>
    <Filter Include="头文件">
      <UniqueIdentifier>{93995380-89BD-4b04-88EB-625FBE52EBFB}</UniqueIdentifier>
      <Extensions>h;hh;hpp;hxx;h++;hm;inl;inc;ipp;xsd</Extensions>
    </Filter>
    <Filter Include="资源文件">
      <UniqueIdentifier>{67DA6AB6-F800-4c08-8B7A-83BB121AAD01}</UniqueIdentifier>
      <Extensions>rc;ico;cur;bmp;dlg;rc2;rct;bin;rgs;gif;jpg;jpeg;jpe;resx;tiff;tif;png;wav;mfcribbon-ms</Extensions>
    </Filter>
    <Filter Include="头文件\Util">
      <UniqueIdentifier>{35a136dd-f337-4a74-90c6-6dc352b5a1f2}</UniqueIdentifier>
    </Filter>
    <Filter Include="头文件\Object">
      <UniqueIdentifier>{8c8262b0-e449-40ab-8c2a-5411aa91982a}</UniqueIdentifier>
    </Filter>
    <Filter Include="头文件\Material">
      <UniqueIdentifier>{c21762a5-8328-467c-af3e-2c882e758253}</UniqueIdentifier>
    </Filter>
    <Filter Include="头文件\Texture">
      <UniqueIdentifier>{ba9fffe3-e360-456c-bc74-9fb42c0cea7b}</UniqueIdentifier>
    </Filter>
    <Filter Include="头文件\Util\Pdf">
      <UniqueIdentifier>{f73764d3-7b2e-4d59-9340-7eab1ce502c7}</UniqueIdentifier>
    </Filter>
    <Filter Include="源文件\Material">
      <UniqueIdentifier>{69554a9b-9906-4b1e-8122-fb7f9ef9529d}</UniqueIdentifier>
    </Filter>
    <Filter Include="源文件\Util">
      <UniqueIdentifier>{4f24be2c-e99e-4db0-863a-b8090f6bf378}</UniqueIdentifier>
    </Filter>
    <Filter Include="源文件\Object">
      <UniqueIdentifier>{041d9110-6161-4766-b97c-6c7044fd0f67}</UniqueIdentifier>
    </Filter>
    <Filter Include="源文件\Texture">
      <UniqueIdentifier>{995c2ba9-38c0-4f63-b56e-3cad400d1304}</UniqueIdentifier>
    </Filter>
    <Filter Include="源文件\Util\Pdf">
      <UniqueIdentifier>{f6deba2a-8e31-4262-b466-fcdc2b85352c}</UniqueIdentifier>
    </Filter>
    <Filter Include="头文件\Sampler">
      <UniqueIdentifier>{8bf6f9e1-91bd-4931-9c20-92d1ff1a3d11}</UniqueIdentifier>
    </Filter>
    <Filter Include="源文件\Sampler">
      <UniqueIdentifier>{65d92080-dd39-4754-9f7a-d513ff4db068}</UniqueIdentifier>
    </Filter>
  </ItemGroup>
  <ItemGroup>
    <ClInclude Include="Camera.h">
      <Filter>头文件</Filter>
    </ClInclude>
    <ClInclude Include="Scene.h">
      <Filter>头文件</Filter>
    </ClInclude>
    <ClInclude Include="AABB.h">
      <Filter>头文件\Object</Filter>
    </ClInclude>
    <ClInclude Include="BVHNode.h">
      <Filter>头文件\Object</Filter>
    </ClInclude>
    <ClInclude Include="ConstantTexture.h">
      <Filter>头文件\Texture</Filter>
    </ClInclude>
    <ClInclude Include="Cylinder.h">
      <Filter>头文件\Object</Filter>
    </ClInclude>
    <ClInclude Include="Disk.h">
      <Filter>头文件\Object</Filter>
    </ClInclude>
    <ClInclude Include="DiffuseLight.h">
      <Filter>头文件\Material</Filter>
    </ClInclude>
    <ClInclude Include="FlipNormalObject.h">
      <Filter>头文件\Object</Filter>
    </ClInclude>
    <ClInclude Include="ImageTexture.h">
      <Filter>头文件\Texture</Filter>
    </ClInclude>
    <ClInclude Include="Material.h">
      <Filter>头文件\Material</Filter>
    </ClInclude>
    <ClInclude Include="MathHelper.h">
      <Filter>头文件\Util</Filter>
    </ClInclude>
    <ClInclude Include="MeshTriangle.h">
      <Filter>头文件\Object</Filter>
    </ClInclude>
    <ClInclude Include="Object.h">
      <Filter>头文件\Object</Filter>
    </ClInclude>
    <ClInclude Include="ObjectList.h">
      <Filter>头文件\Object</Filter>
    </ClInclude>
    <ClInclude Include="ObjectPdf.h">
      <Filter>头文件\Util\Pdf</Filter>
    </ClInclude>
    <ClInclude Include="OnB.h">
      <Filter>头文件\Util</Filter>
    </ClInclude>
    <ClInclude Include="Pdf.h">
      <Filter>头文件\Util\Pdf</Filter>
    </ClInclude>
    <ClInclude Include="Ray.h">
      <Filter>头文件\Util</Filter>
    </ClInclude>
    <ClInclude Include="Rectangle.h">
      <Filter>头文件\Object</Filter>
    </ClInclude>
    <ClInclude Include="Sphere.h">
      <Filter>头文件\Object</Filter>
    </ClInclude>
    <ClInclude Include="stb_image.h">
      <Filter>头文件\Util</Filter>
    </ClInclude>
    <ClInclude Include="Texture.h">
      <Filter>头文件\Texture</Filter>
    </ClInclude>
    <ClInclude Include="tiny_obj_loader.h">
      <Filter>头文件\Util</Filter>
    </ClInclude>
    <ClInclude Include="Triangle.h">
      <Filter>头文件\Object</Filter>
    </ClInclude>
    <ClInclude Include="TriPyramid.h">
      <Filter>头文件\Object</Filter>
    </ClInclude>
    <ClInclude Include="Vector2.h">
      <Filter>头文件\Util</Filter>
    </ClInclude>
    <ClInclude Include="Vector3.h">
      <Filter>头文件\Util</Filter>
    </ClInclude>
    <ClInclude Include="Sampler.h">
      <Filter>头文件\Sampler</Filter>
    </ClInclude>
    <ClInclude Include="SamplerUniform.h">
      <Filter>头文件\Sampler</Filter>
    </ClInclude>
    <ClInclude Include="SamplerRandom.h">
      <Filter>头文件\Sampler</Filter>
    </ClInclude>
    <ClInclude Include="SamplerBlueNoise.h">
      <Filter>头文件\Sampler</Filter>
    </ClInclude>
    <ClInclude Include="MicrofacetModel.h">
      <Filter>头文件\Material</Filter>
    </ClInclude>
    <ClInclude Include="GGX.h">
      <Filter>头文件\Material</Filter>
    </ClInclude>
    <ClInclude Include="GGXPdf.h">
      <Filter>头文件\Util\Pdf</Filter>
    </ClInclude>
    <ClInclude Include="SamplerRandomNP.h">
      <Filter>头文件\Sampler</Filter>
    </ClInclude>
  </ItemGroup>
  <ItemGroup>
    <ClCompile Include="Camera.cpp">
      <Filter>源文件</Filter>
    </ClCompile>
    <ClCompile Include="main.cpp">
      <Filter>源文件</Filter>
    </ClCompile>
    <ClCompile Include="Scene.cpp">
      <Filter>源文件</Filter>
    </ClCompile>
    <ClCompile Include="AABB.cpp">
      <Filter>源文件\Object</Filter>
    </ClCompile>
    <ClCompile Include="BVHNode.cpp">
      <Filter>源文件\Object</Filter>
    </ClCompile>
    <ClCompile Include="Cylinder.cpp">
      <Filter>源文件\Object</Filter>
    </ClCompile>
    <ClCompile Include="Disk.cpp">
      <Filter>源文件\Object</Filter>
    </ClCompile>
    <ClCompile Include="FlipNormalObject.cpp">
      <Filter>源文件\Object</Filter>
    </ClCompile>
    <ClCompile Include="MeshTriangle.cpp">
      <Filter>源文件\Object</Filter>
    </ClCompile>
    <ClCompile Include="ObjectList.cpp">
      <Filter>源文件\Object</Filter>
    </ClCompile>
    <ClCompile Include="Rectangle.cpp">
      <Filter>源文件\Object</Filter>
    </ClCompile>
    <ClCompile Include="Sphere.cpp">
      <Filter>源文件\Object</Filter>
    </ClCompile>
    <ClCompile Include="Triangle.cpp">
      <Filter>源文件\Object</Filter>
    </ClCompile>
    <ClCompile Include="TriPyramid.cpp">
      <Filter>源文件\Object</Filter>
    </ClCompile>
    <ClCompile Include="ConstantTexture.cpp">
      <Filter>源文件\Texture</Filter>
    </ClCompile>
    <ClCompile Include="ImageTexture.cpp">
      <Filter>源文件\Texture</Filter>
    </ClCompile>
    <ClCompile Include="ObjectPdf.cpp">
      <Filter>源文件\Util\Pdf</Filter>
    </ClCompile>
    <ClCompile Include="DiffuseLight.cpp">
      <Filter>源文件\Material</Filter>
    </ClCompile>
    <ClCompile Include="Sampler.cpp">
      <Filter>源文件\Sampler</Filter>
    </ClCompile>
    <ClCompile Include="SamplerUniform.cpp">
      <Filter>源文件\Sampler</Filter>
    </ClCompile>
    <ClCompile Include="SamplerRandom.cpp">
      <Filter>源文件\Sampler</Filter>
    </ClCompile>
    <ClCompile Include="SamplerBlueNoise.cpp">
      <Filter>源文件\Sampler</Filter>
    </ClCompile>
    <ClCompile Include="MathHelper.cpp">
      <Filter>源文件\Util</Filter>
    </ClCompile>
    <ClCompile Include="MicrofacetModel.cpp">
      <Filter>源文件\Material</Filter>
    </ClCompile>
    <ClCompile Include="GGX.cpp">
      <Filter>源文件\Material</Filter>
    </ClCompile>
    <ClCompile Include="GGXPdf.cpp">
      <Filter>源文件\Util\Pdf</Filter>
    </ClCompile>
    <ClCompile Include="SamplerRandomNP.cpp">
      <Filter>源文件\Sampler</Filter>
    </ClCompile>
  </ItemGroup>
</Project>